// !$*UTF8*$!
{
	archiveVersion = 1;
	classes = {
	};
	objectVersion = 46;
	objects = {

/* Begin PBXBuildFile section */
		2FC33C321678CB0700C3BD78 /* UIKit.framework in Frameworks */ = {isa = PBXBuildFile; fileRef = 2FC33C311678CB0700C3BD78 /* UIKit.framework */; };
		2FC33C341678CB0700C3BD78 /* Foundation.framework in Frameworks */ = {isa = PBXBuildFile; fileRef = 2FC33C331678CB0700C3BD78 /* Foundation.framework */; };
		2FC33C361678CB0700C3BD78 /* CoreGraphics.framework in Frameworks */ = {isa = PBXBuildFile; fileRef = 2FC33C351678CB0700C3BD78 /* CoreGraphics.framework */; };
		2FC33C3C1678CB0800C3BD78 /* InfoPlist.strings in Resources */ = {isa = PBXBuildFile; fileRef = 2FC33C3A1678CB0800C3BD78 /* InfoPlist.strings */; };
		2FC33C3E1678CB0800C3BD78 /* main.m in Sources */ = {isa = PBXBuildFile; fileRef = 2FC33C3D1678CB0800C3BD78 /* main.m */; };
		2FC33C421678CB0800C3BD78 /* SimpleTableAppDelegate.m in Sources */ = {isa = PBXBuildFile; fileRef = 2FC33C411678CB0800C3BD78 /* SimpleTableAppDelegate.m */; };
		2FC33C441678CB0800C3BD78 /* Default.png in Resources */ = {isa = PBXBuildFile; fileRef = 2FC33C431678CB0800C3BD78 /* Default.png */; };
		2FC33C461678CB0800C3BD78 /* Default@2x.png in Resources */ = {isa = PBXBuildFile; fileRef = 2FC33C451678CB0800C3BD78 /* Default@2x.png */; };
		2FC33C481678CB0800C3BD78 /* Default-568h@2x.png in Resources */ = {isa = PBXBuildFile; fileRef = 2FC33C471678CB0800C3BD78 /* Default-568h@2x.png */; };
		2FC33C4B1678CB0800C3BD78 /* MainStoryboard.storyboard in Resources */ = {isa = PBXBuildFile; fileRef = 2FC33C491678CB0800C3BD78 /* MainStoryboard.storyboard */; };
		2FC33C4E1678CB0800C3BD78 /* SimpleTableViewController.m in Sources */ = {isa = PBXBuildFile; fileRef = 2FC33C4D1678CB0800C3BD78 /* SimpleTableViewController.m */; };
/* End PBXBuildFile section */

/* Begin PBXFileReference section */
		2FC33C2D1678CB0700C3BD78 /* SimpleTable.app */ = {isa = PBXFileReference; explicitFileType = wrapper.application; includeInIndex = 0; path = SimpleTable.app; sourceTree = BUILT_PRODUCTS_DIR; };
		2FC33C311678CB0700C3BD78 /* UIKit.framework */ = {isa = PBXFileReference; lastKnownFileType = wrapper.framework; name = UIKit.framework; path = System/Library/Frameworks/UIKit.framework; sourceTree = SDKROOT; };
		2FC33C331678CB0700C3BD78 /* Foundation.framework */ = {isa = PBXFileReference; lastKnownFileType = wrapper.framework; name = Foundation.framework; path = System/Library/Frameworks/Foundation.framework; sourceTree = SDKROOT; };
		2FC33C351678CB0700C3BD78 /* CoreGraphics.framework */ = {isa = PBXFileReference; lastKnownFileType = wrapper.framework; name = CoreGraphics.framework; path = System/Library/Frameworks/CoreGraphics.framework; sourceTree = SDKROOT; };
		2FC33C391678CB0800C3BD78 /* SimpleTable-Info.plist */ = {isa = PBXFileReference; lastKnownFileType = text.plist.xml; path = "SimpleTable-Info.plist"; sourceTree = "<group>"; };
		2FC33C3B1678CB0800C3BD78 /* en */ = {isa = PBXFileReference; lastKnownFileType = text.plist.strings; name = en; path = en.lproj/InfoPlist.strings; sourceTree = "<group>"; };
		2FC33C3D1678CB0800C3BD78 /* main.m */ = {isa = PBXFileReference; lastKnownFileType = sourcecode.c.objc; path = main.m; sourceTree = "<group>"; };
		2FC33C3F1678CB0800C3BD78 /* SimpleTable-Prefix.pch */ = {isa = PBXFileReference; lastKnownFileType = sourcecode.c.h; path = "SimpleTable-Prefix.pch"; sourceTree = "<group>"; };
		2FC33C401678CB0800C3BD78 /* SimpleTableAppDelegate.h */ = {isa = PBXFileReference; lastKnownFileType = sourcecode.c.h; path = SimpleTableAppDelegate.h; sourceTree = "<group>"; };
		2FC33C411678CB0800C3BD78 /* SimpleTableAppDelegate.m */ = {isa = PBXFileReference; lastKnownFileType = sourcecode.c.objc; path = SimpleTableAppDelegate.m; sourceTree = "<group>"; };
		2FC33C431678CB0800C3BD78 /* Default.png */ = {isa = PBXFileReference; lastKnownFileType = image.png; path = Default.png; sourceTree = "<group>"; };
		2FC33C451678CB0800C3BD78 /* Default@2x.png */ = {isa = PBXFileReference; lastKnownFileType = image.png; path = "Default@2x.png"; sourceTree = "<group>"; };
		2FC33C471678CB0800C3BD78 /* Default-568h@2x.png */ = {isa = PBXFileReference; lastKnownFileType = image.png; path = "Default-568h@2x.png"; sourceTree = "<group>"; };
		2FC33C4A1678CB0800C3BD78 /* en */ = {isa = PBXFileReference; lastKnownFileType = file.storyboard; name = en; path = en.lproj/MainStoryboard.storyboard; sourceTree = "<group>"; };
		2FC33C4C1678CB0800C3BD78 /* SimpleTableViewController.h */ = {isa = PBXFileReference; lastKnownFileType = sourcecode.c.h; path = SimpleTableViewController.h; sourceTree = "<group>"; };
		2FC33C4D1678CB0800C3BD78 /* SimpleTableViewController.m */ = {isa = PBXFileReference; lastKnownFileType = sourcecode.c.objc; path = SimpleTableViewController.m; sourceTree = "<group>"; };
/* End PBXFileReference section */

/* Begin PBXFrameworksBuildPhase section */
		2FC33C2A1678CB0700C3BD78 /* Frameworks */ = {
			isa = PBXFrameworksBuildPhase;
			buildActionMask = 2147483647;
			files = (
				2FC33C321678CB0700C3BD78 /* UIKit.framework in Frameworks */,
				2FC33C341678CB0700C3BD78 /* Foundation.framework in Frameworks */,
				2FC33C361678CB0700C3BD78 /* CoreGraphics.framework in Frameworks */,
			);
			runOnlyForDeploymentPostprocessing = 0;
		};
/* End PBXFrameworksBuildPhase section */

/* Begin PBXGroup section */
		2FC33C221678CB0700C3BD78 = {
			isa = PBXGroup;
			children = (
				2FC33C371678CB0700C3BD78 /* SimpleTable */,
				2FC33C301678CB0700C3BD78 /* Frameworks */,
				2FC33C2E1678CB0700C3BD78 /* Products */,
			);
			sourceTree = "<group>";
		};
		2FC33C2E1678CB0700C3BD78 /* Products */ = {
			isa = PBXGroup;
			children = (
				2FC33C2D1678CB0700C3BD78 /* SimpleTable.app */,
			);
			name = Products;
			sourceTree = "<group>";
		};
		2FC33C301678CB0700C3BD78 /* Frameworks */ = {
			isa = PBXGroup;
			children = (
				2FC33C311678CB0700C3BD78 /* UIKit.framework */,
				2FC33C331678CB0700C3BD78 /* Foundation.framework */,
				2FC33C351678CB0700C3BD78 /* CoreGraphics.framework */,
			);
			name = Frameworks;
			sourceTree = "<group>";
		};
		2FC33C371678CB0700C3BD78 /* SimpleTable */ = {
			isa = PBXGroup;
			children = (
				2FC33C401678CB0800C3BD78 /* SimpleTableAppDelegate.h */,
				2FC33C411678CB0800C3BD78 /* SimpleTableAppDelegate.m */,
				2FC33C491678CB0800C3BD78 /* MainStoryboard.storyboard */,
				2FC33C4C1678CB0800C3BD78 /* SimpleTableViewController.h */,
				2FC33C4D1678CB0800C3BD78 /* SimpleTableViewController.m */,
				2FC33C381678CB0800C3BD78 /* Supporting Files */,
			);
			path = SimpleTable;
			sourceTree = "<group>";
		};
		2FC33C381678CB0800C3BD78 /* Supporting Files */ = {
			isa = PBXGroup;
			children = (
				2FC33C391678CB0800C3BD78 /* SimpleTable-Info.plist */,
				2FC33C3A1678CB0800C3BD78 /* InfoPlist.strings */,
				2FC33C3D1678CB0800C3BD78 /* main.m */,
				2FC33C3F1678CB0800C3BD78 /* SimpleTable-Prefix.pch */,
				2FC33C431678CB0800C3BD78 /* Default.png */,
				2FC33C451678CB0800C3BD78 /* Default@2x.png */,
				2FC33C471678CB0800C3BD78 /* Default-568h@2x.png */,
			);
			name = "Supporting Files";
			sourceTree = "<group>";
		};
/* End PBXGroup section */

/* Begin PBXNativeTarget section */
		2FC33C2C1678CB0700C3BD78 /* SimpleTable */ = {
			isa = PBXNativeTarget;
			buildConfigurationList = 2FC33C511678CB0800C3BD78 /* Build configuration list for PBXNativeTarget "SimpleTable" */;
			buildPhases = (
				2FC33C291678CB0700C3BD78 /* Sources */,
				2FC33C2A1678CB0700C3BD78 /* Frameworks */,
				2FC33C2B1678CB0700C3BD78 /* Resources */,
			);
			buildRules = (
			);
			dependencies = (
			);
			name = SimpleTable;
			productName = SimpleTable;
			productReference = 2FC33C2D1678CB0700C3BD78 /* SimpleTable.app */;
			productType = "com.apple.product-type.application";
		};
/* End PBXNativeTarget section */

/* Begin PBXProject section */
		2FC33C241678CB0700C3BD78 /* Project object */ = {
			isa = PBXProject;
			attributes = {
				CLASSPREFIX = SimpleTable;
				LastUpgradeCheck = 0450;
				ORGANIZATIONNAME = "Lluís Gómez Hernando";
			};
			buildConfigurationList = 2FC33C271678CB0700C3BD78 /* Build configuration list for PBXProject "SimpleTable" */;
			compatibilityVersion = "Xcode 3.2";
			developmentRegion = English;
			hasScannedForEncodings = 0;
			knownRegions = (
				en,
			);
			mainGroup = 2FC33C221678CB0700C3BD78;
			productRefGroup = 2FC33C2E1678CB0700C3BD78 /* Products */;
			projectDirPath = "";
			projectRoot = "";
			targets = (
				2FC33C2C1678CB0700C3BD78 /* SimpleTable */,
			);
		};
/* End PBXProject section */

/* Begin PBXResourcesBuildPhase section */
		2FC33C2B1678CB0700C3BD78 /* Resources */ = {
			isa = PBXResourcesBuildPhase;
			buildActionMask = 2147483647;
			files = (
				2FC33C3C1678CB0800C3BD78 /* InfoPlist.strings in Resources */,
				2FC33C441678CB0800C3BD78 /* Default.png in Resources */,
				2FC33C461678CB0800C3BD78 /* Default@2x.png in Resources */,
				2FC33C481678CB0800C3BD78 /* Default-568h@2x.png in Resources */,
				2FC33C4B1678CB0800C3BD78 /* MainStoryboard.storyboard in Resources */,
			);
			runOnlyForDeploymentPostprocessing = 0;
		};
/* End PBXResourcesBuildPhase section */

/* Begin PBXSourcesBuildPhase section */
		2FC33C291678CB0700C3BD78 /* Sources */ = {
			isa = PBXSourcesBuildPhase;
			buildActionMask = 2147483647;
			files = (
				2FC33C3E1678CB0800C3BD78 /* main.m in Sources */,
				2FC33C421678CB0800C3BD78 /* SimpleTableAppDelegate.m in Sources */,
				2FC33C4E1678CB0800C3BD78 /* SimpleTableViewController.m in Sources */,
			);
			runOnlyForDeploymentPostprocessing = 0;
		};
/* End PBXSourcesBuildPhase section */

/* Begin PBXVariantGroup section */
		2FC33C3A1678CB0800C3BD78 /* InfoPlist.strings */ = {
			isa = PBXVariantGroup;
			children = (
				2FC33C3B1678CB0800C3BD78 /* en */,
			);
			name = InfoPlist.strings;
			sourceTree = "<group>";
		};
		2FC33C491678CB0800C3BD78 /* MainStoryboard.storyboard */ = {
			isa = PBXVariantGroup;
			children = (
				2FC33C4A1678CB0800C3BD78 /* en */,
			);
			name = MainStoryboard.storyboard;
			sourceTree = "<group>";
		};
/* End PBXVariantGroup section */

/* Begin XCBuildConfiguration section */
		2FC33C4F1678CB0800C3BD78 /* Debug */ = {
			isa = XCBuildConfiguration;
			buildSettings = {
				ALWAYS_SEARCH_USER_PATHS = NO;
				CLANG_CXX_LANGUAGE_STANDARD = "gnu++0x";
				CLANG_CXX_LIBRARY = "libc++";
				CLANG_ENABLE_OBJC_ARC = YES;
				CLANG_WARN_EMPTY_BODY = YES;
				CLANG_WARN__DUPLICATE_METHOD_MATCH = YES;
				"CODE_SIGN_IDENTITY[sdk=iphoneos*]" = "iPhone Developer";
				COPY_PHASE_STRIP = NO;
				GCC_C_LANGUAGE_STANDARD = gnu99;
				GCC_DYNAMIC_NO_PIC = NO;
				GCC_OPTIMIZATION_LEVEL = 0;
				GCC_PREPROCESSOR_DEFINITIONS = (
					"DEBUG=1",
					"$(inherited)",
				);
				GCC_SYMBOLS_PRIVATE_EXTERN = NO;
				GCC_WARN_ABOUT_RETURN_TYPE = YES;
				GCC_WARN_UNINITIALIZED_AUTOS = YES;
				GCC_WARN_UNUSED_VARIABLE = YES;
				IPHONEOS_DEPLOYMENT_TARGET = 6.0;
				ONLY_ACTIVE_ARCH = YES;
				SDKROOT = iphoneos;
			};
			name = Debug;
		};
		2FC33C501678CB0800C3BD78 /* Release */ = {
			isa = XCBuildConfiguration;
			buildSettings = {
				ALWAYS_SEARCH_USER_PATHS = NO;
				CLANG_CXX_LANGUAGE_STANDARD = "gnu++0x";
				CLANG_CXX_LIBRARY = "libc++";
				CLANG_ENABLE_OBJC_ARC = YES;
				CLANG_WARN_EMPTY_BODY = YES;
				CLANG_WARN__DUPLICATE_METHOD_MATCH = YES;
				"CODE_SIGN_IDENTITY[sdk=iphoneos*]" = "iPhone Developer";
				COPY_PHASE_STRIP = YES;
				GCC_C_LANGUAGE_STANDARD = gnu99;
				GCC_WARN_ABOUT_RETURN_TYPE = YES;
				GCC_WARN_UNINITIALIZED_AUTOS = YES;
				GCC_WARN_UNUSED_VARIABLE = YES;
				IPHONEOS_DEPLOYMENT_TARGET = 6.0;
				OTHER_CFLAGS = "-DNS_BLOCK_ASSERTIONS=1";
				SDKROOT = iphoneos;
				VALIDATE_PRODUCT = YES;
			};
			name = Release;
		};
		2FC33C521678CB0800C3BD78 /* Debug */ = {
			isa = XCBuildConfiguration;
			buildSettings = {
				GCC_PRECOMPILE_PREFIX_HEADER = YES;
				GCC_PREFIX_HEADER = "SimpleTable/SimpleTable-Prefix.pch";
				INFOPLIST_FILE = "SimpleTable/SimpleTable-Info.plist";
				PRODUCT_NAME = "$(TARGET_NAME)";
				WRAPPER_EXTENSION = app;
			};
			name = Debug;
		};
		2FC33C531678CB0800C3BD78 /* Release */ = {
			isa = XCBuildConfiguration;
			buildSettings = {
				GCC_PRECOMPILE_PREFIX_HEADER = YES;
				GCC_PREFIX_HEADER = "SimpleTable/SimpleTable-Prefix.pch";
				INFOPLIST_FILE = "SimpleTable/SimpleTable-Info.plist";
				PRODUCT_NAME = "$(TARGET_NAME)";
				WRAPPER_EXTENSION = app;
			};
			name = Release;
		};
/* End XCBuildConfiguration section */

/* Begin XCConfigurationList section */
		2FC33C271678CB0700C3BD78 /* Build configuration list for PBXProject "SimpleTable" */ = {
			isa = XCConfigurationList;
			buildConfigurations = (
				2FC33C4F1678CB0800C3BD78 /* Debug */,
				2FC33C501678CB0800C3BD78 /* Release */,
			);
			defaultConfigurationIsVisible = 0;
			defaultConfigurationName = Release;
		};
		2FC33C511678CB0800C3BD78 /* Build configuration list for PBXNativeTarget "SimpleTable" */ = {
			isa = XCConfigurationList;
			buildConfigurations = (
				2FC33C521678CB0800C3BD78 /* Debug */,
				2FC33C531678CB0800C3BD78 /* Release */,
			);
			defaultConfigurationIsVisible = 0;
		};
/* End XCConfigurationList section */
	};
	rootObject = 2FC33C241678CB0700C3BD78 /* Project object */;
}
